PODS:
  - R.swift (5.1.0):
    - R.swift.Library (~> 5.1.0)
  - R.swift.Library (5.1.0)
  - StatefulViewController (3.0)
  - SteamLogin (0.1.4):
    - SteamLogin/Login (= 0.1.4)
  - SteamLogin/Login (0.1.4)
  - TableKit (2.10.0)
  - Utils (0.0.10)

DEPENDENCIES:
  - R.swift
  - StatefulViewController
  - SteamLogin
  - TableKit
  - Utils (= 0.0.10)

SPEC REPOS:
  https://github.com/iznv/Podspecs:
    - Utils
  trunk:
    - R.swift
    - R.swift.Library
    - StatefulViewController
    - SteamLogin
    - TableKit

SPEC CHECKSUMS:
  R.swift: 8cbc4fc69b740305b6a17c8a8ed968eb788962d9
  R.swift.Library: fa85ce1e0d0b7e818cd9e080df910ba54d2776cc
  StatefulViewController: 4803bf900d44de26074344998e10e041113b5931
  SteamLogin: 86eee7733cfaa417242671524f39561b0c22700c
  TableKit: 65645d0dd786e21dc61464da59ad770c60a07282
  Utils: 26785b5241476a3bf7cb653e14fd5ba58bbf76b3

PODFILE CHECKSUM: 94df09f761b12a8a6688d5008a03c068bea48587

COCOAPODS: 1.8.4
