PODS:
  - R.swift (5.1.0):
    - R.swift.Library (~> 5.1.0)
  - R.swift.Library (5.1.0)
  - StatefulViewController (3.0)
  - TableKit (2.10.0)
  - Utils (0.0.10)

DEPENDENCIES:
  - R.swift
  - StatefulViewController
  - TableKit
  - Utils (= 0.0.10)

SPEC REPOS:
  https://github.com/iznv/Podspecs:
    - Utils
  trunk:
    - R.swift
    - R.swift.Library
    - StatefulViewController
    - TableKit

SPEC CHECKSUMS:
  R.swift: 8cbc4fc69b740305b6a17c8a8ed968eb788962d9
  R.swift.Library: fa85ce1e0d0b7e818cd9e080df910ba54d2776cc
  StatefulViewController: 4803bf900d44de26074344998e10e041113b5931
  TableKit: 65645d0dd786e21dc61464da59ad770c60a07282
  Utils: 26785b5241476a3bf7cb653e14fd5ba58bbf76b3

PODFILE CHECKSUM: aa2849af8d4d38950c9e65d8fcf82c84d72d4e8c

COCOAPODS: 1.8.4
