// !$*UTF8*$!
{
	archiveVersion = 1;
	classes = {
	};
	objectVersion = 51;
	objects = {

/* Begin PBXBuildFile section */
		023F44A9FF68F2B483914BDF /* TitleValueCollectionCell.swift in Sources */ = {isa = PBXBuildFile; fileRef = 7D8251237094B37F664D4B9A /* TitleValueCollectionCell.swift */; };
		029942123EAD319F165FEAC6 /* ProfileViewModel.swift in Sources */ = {isa = PBXBuildFile; fileRef = 99F7CF14D883DC383B49A5CF /* ProfileViewModel.swift */; };
		2086C2099341327D8B9C522E /* TextCell.swift in Sources */ = {isa = PBXBuildFile; fileRef = 40DAEF0D528039773DFB7AEF /* TextCell.swift */; };
		2A275F1D74FC4FD55AC7060E /* ProfileViewController.swift in Sources */ = {isa = PBXBuildFile; fileRef = 7C57B9639D578059827C0E94 /* ProfileViewController.swift */; };
		2C04E5BF238464D00058CC18 /* AppDelegate.swift in Sources */ = {isa = PBXBuildFile; fileRef = 2C04E5BE238464D00058CC18 /* AppDelegate.swift */; };
		2C04E5C8238464D20058CC18 /* Images.xcassets in Resources */ = {isa = PBXBuildFile; fileRef = 2C04E5C7238464D20058CC18 /* Images.xcassets */; };
		2C04E5DE238466960058CC18 /* Colors.xcassets in Resources */ = {isa = PBXBuildFile; fileRef = 2C04E5DD238466960058CC18 /* Colors.xcassets */; };
		2C04E5E3238467DF0058CC18 /* R.generated.swift in Sources */ = {isa = PBXBuildFile; fileRef = 2C04E5E2238467DF0058CC18 /* R.generated.swift */; };
		2C04E5E72384681B0058CC18 /* LaunchScreen.storyboard in Resources */ = {isa = PBXBuildFile; fileRef = 2C04E5E62384681B0058CC18 /* LaunchScreen.storyboard */; };
		2C04E5EB238468770058CC18 /* Localizable.strings in Resources */ = {isa = PBXBuildFile; fileRef = 2C04E5ED238468770058CC18 /* Localizable.strings */; };
		2C04E5F023846D0C0058CC18 /* ApiService.swift in Sources */ = {isa = PBXBuildFile; fileRef = 2C04E5EF23846D0C0058CC18 /* ApiService.swift */; };
		2C04E5F223846D670058CC18 /* RequestParameter.swift in Sources */ = {isa = PBXBuildFile; fileRef = 2C04E5F123846D670058CC18 /* RequestParameter.swift */; };
		2C04E5F723846DB00058CC18 /* Dictionary+MapPairs.swift in Sources */ = {isa = PBXBuildFile; fileRef = 2C04E5F623846DB00058CC18 /* Dictionary+MapPairs.swift */; };
		2C04E5FC23847D990058CC18 /* Dictionary+Operators.swift in Sources */ = {isa = PBXBuildFile; fileRef = 2C04E5FB23847D990058CC18 /* Dictionary+Operators.swift */; };
		2C35AD822385B1CC003161F0 /* TableDirector+Replace.swift in Sources */ = {isa = PBXBuildFile; fileRef = 2C35AD812385B1CC003161F0 /* TableDirector+Replace.swift */; };
		2C35AD842385B1DF003161F0 /* TableSection+Init.swift in Sources */ = {isa = PBXBuildFile; fileRef = 2C35AD832385B1DF003161F0 /* TableSection+Init.swift */; };
		2C35AD872385B260003161F0 /* PlayerSummariesResponse.swift in Sources */ = {isa = PBXBuildFile; fileRef = 2C35AD862385B260003161F0 /* PlayerSummariesResponse.swift */; };
		2C35AD892385B271003161F0 /* Player.swift in Sources */ = {isa = PBXBuildFile; fileRef = 2C35AD882385B271003161F0 /* Player.swift */; };
		2C35AD8B2385B5CF003161F0 /* GetPlayerSummariesRequest.swift in Sources */ = {isa = PBXBuildFile; fileRef = 2C35AD8A2385B5CF003161F0 /* GetPlayerSummariesRequest.swift */; };
		2C35AD8D2385B6C6003161F0 /* SteamResponse.swift in Sources */ = {isa = PBXBuildFile; fileRef = 2C35AD8C2385B6C6003161F0 /* SteamResponse.swift */; };
		2C35AD902385BDFA003161F0 /* TabBarController.swift in Sources */ = {isa = PBXBuildFile; fileRef = 2C35AD8F2385BDFA003161F0 /* TabBarController.swift */; };
		2C35AD942385BE51003161F0 /* UIViewController+UINavigationController.swift in Sources */ = {isa = PBXBuildFile; fileRef = 2C35AD932385BE51003161F0 /* UIViewController+UINavigationController.swift */; };
		2C35AD9A2385BEBB003161F0 /* NavigationController.swift in Sources */ = {isa = PBXBuildFile; fileRef = 2C35AD992385BEBB003161F0 /* NavigationController.swift */; };
		2C35ADA02385BF36003161F0 /* Tab.swift in Sources */ = {isa = PBXBuildFile; fileRef = 2C35AD9F2385BF36003161F0 /* Tab.swift */; };
		2C35ADA22385CA5E003161F0 /* RecentlyPlayedGamesResponse.swift in Sources */ = {isa = PBXBuildFile; fileRef = 2C35ADA12385CA5E003161F0 /* RecentlyPlayedGamesResponse.swift */; };
		2C35ADA42385CA7E003161F0 /* Game.swift in Sources */ = {isa = PBXBuildFile; fileRef = 2C35ADA32385CA7E003161F0 /* Game.swift */; };
		2C35ADA62385CAF3003161F0 /* GetRecentlyPlayedGamesRequest.swift in Sources */ = {isa = PBXBuildFile; fileRef = 2C35ADA52385CAF3003161F0 /* GetRecentlyPlayedGamesRequest.swift */; };
		2C35ADA82385CDC8003161F0 /* PersonaState.swift in Sources */ = {isa = PBXBuildFile; fileRef = 2C35ADA72385CDC8003161F0 /* PersonaState.swift */; };
		2C35ADAA2385CDE8003161F0 /* CommunityVisibilityState.swift in Sources */ = {isa = PBXBuildFile; fileRef = 2C35ADA92385CDE8003161F0 /* CommunityVisibilityState.swift */; };
		2C35ADAD2385CE84003161F0 /* SteamUserService.swift in Sources */ = {isa = PBXBuildFile; fileRef = 2C35ADAC2385CE84003161F0 /* SteamUserService.swift */; };
		2C35ADB22385D418003161F0 /* GetOwnedGamesRequest.swift in Sources */ = {isa = PBXBuildFile; fileRef = 2C35ADB12385D418003161F0 /* GetOwnedGamesRequest.swift */; };
		2C35ADB42385D4F5003161F0 /* OwnedGamesResponse.swift in Sources */ = {isa = PBXBuildFile; fileRef = 2C35ADB32385D4F5003161F0 /* OwnedGamesResponse.swift */; };
		2C35ADB62385D58F003161F0 /* OwnedGame.swift in Sources */ = {isa = PBXBuildFile; fileRef = 2C35ADB52385D58F003161F0 /* OwnedGame.swift */; };
		2C35ADB92385D766003161F0 /* SteamPlayerService.swift in Sources */ = {isa = PBXBuildFile; fileRef = 2C35ADB82385D766003161F0 /* SteamPlayerService.swift */; };
		2C41F6FF238932BD006EC815 /* AppDetailsResponse.swift in Sources */ = {isa = PBXBuildFile; fileRef = 2C41F6FE238932BD006EC815 /* AppDetailsResponse.swift */; };
		2C41F701238932E2006EC815 /* AppDetails.swift in Sources */ = {isa = PBXBuildFile; fileRef = 2C41F700238932E2006EC815 /* AppDetails.swift */; };
		2C41F7032389358A006EC815 /* PriceOverview.swift in Sources */ = {isa = PBXBuildFile; fileRef = 2C41F7022389358A006EC815 /* PriceOverview.swift */; };
		2C41F70523893602006EC815 /* Platforms.swift in Sources */ = {isa = PBXBuildFile; fileRef = 2C41F70423893602006EC815 /* Platforms.swift */; };
		2C41F70723893625006EC815 /* Metacritic.swift in Sources */ = {isa = PBXBuildFile; fileRef = 2C41F70623893625006EC815 /* Metacritic.swift */; };
		2C41F70923893645006EC815 /* Genre.swift in Sources */ = {isa = PBXBuildFile; fileRef = 2C41F70823893645006EC815 /* Genre.swift */; };
		2C41F70B2389368D006EC815 /* Screenshot.swift in Sources */ = {isa = PBXBuildFile; fileRef = 2C41F70A2389368D006EC815 /* Screenshot.swift */; };
		2C41F70F238936D9006EC815 /* Recommendations.swift in Sources */ = {isa = PBXBuildFile; fileRef = 2C41F70E238936D9006EC815 /* Recommendations.swift */; };
		2C41F711238936EB006EC815 /* ReleaseDate.swift in Sources */ = {isa = PBXBuildFile; fileRef = 2C41F710238936EB006EC815 /* ReleaseDate.swift */; };
		2C41F71323893734006EC815 /* AppDetailsRequest.swift in Sources */ = {isa = PBXBuildFile; fileRef = 2C41F71223893734006EC815 /* AppDetailsRequest.swift */; };
		2C41F71823893852006EC815 /* SteamStoreService.swift in Sources */ = {isa = PBXBuildFile; fileRef = 2C41F71723893852006EC815 /* SteamStoreService.swift */; };
		2C41F71B23893A84006EC815 /* GetAppListRequest.swift in Sources */ = {isa = PBXBuildFile; fileRef = 2C41F71A23893A84006EC815 /* GetAppListRequest.swift */; };
		2C41F71D23893AC6006EC815 /* AppListResponse.swift in Sources */ = {isa = PBXBuildFile; fileRef = 2C41F71C23893AC6006EC815 /* AppListResponse.swift */; };
		2C41F71F23893B0E006EC815 /* AppList.swift in Sources */ = {isa = PBXBuildFile; fileRef = 2C41F71E23893B0E006EC815 /* AppList.swift */; };
		2C41F72123893B1C006EC815 /* App.swift in Sources */ = {isa = PBXBuildFile; fileRef = 2C41F72023893B1C006EC815 /* App.swift */; };
		2C41F72423893B41006EC815 /* SteamAppsService.swift in Sources */ = {isa = PBXBuildFile; fileRef = 2C41F72323893B41006EC815 /* SteamAppsService.swift */; };
		2C41F7282389572B006EC815 /* CGFloat+GlobalConstants.swift in Sources */ = {isa = PBXBuildFile; fileRef = 2C41F7272389572B006EC815 /* CGFloat+GlobalConstants.swift */; };
		2C41F72A23895ECD006EC815 /* TitleValueItem.swift in Sources */ = {isa = PBXBuildFile; fileRef = 2C41F72923895ECD006EC815 /* TitleValueItem.swift */; };
		2C41F72D2389656B006EC815 /* UIImageView+AsyncLoading.swift in Sources */ = {isa = PBXBuildFile; fileRef = 2C41F72C2389656B006EC815 /* UIImageView+AsyncLoading.swift */; };
		2C41F734238972BE006EC815 /* DateFormatter+Formatters.swift in Sources */ = {isa = PBXBuildFile; fileRef = 2C41F733238972BE006EC815 /* DateFormatter+Formatters.swift */; };
		2C5952BE238710B400AA1DA6 /* GetBadgesRequest.swift in Sources */ = {isa = PBXBuildFile; fileRef = 2C5952BD238710B400AA1DA6 /* GetBadgesRequest.swift */; };
		2C5952C02387112800AA1DA6 /* BadgesResponse.swift in Sources */ = {isa = PBXBuildFile; fileRef = 2C5952BF2387112800AA1DA6 /* BadgesResponse.swift */; };
		2C5952C22387114100AA1DA6 /* Badge.swift in Sources */ = {isa = PBXBuildFile; fileRef = 2C5952C12387114100AA1DA6 /* Badge.swift */; };
		2C85A556238856DB007DB1BB /* GetNewsForAppRequest.swift in Sources */ = {isa = PBXBuildFile; fileRef = 2C85A555238856DB007DB1BB /* GetNewsForAppRequest.swift */; };
		2C85A5582388586D007DB1BB /* NewsForAppResponse.swift in Sources */ = {isa = PBXBuildFile; fileRef = 2C85A5572388586D007DB1BB /* NewsForAppResponse.swift */; };
		2C85A55A238858A5007DB1BB /* AppNews.swift in Sources */ = {isa = PBXBuildFile; fileRef = 2C85A559238858A5007DB1BB /* AppNews.swift */; };
		2C85A55C238858F4007DB1BB /* NewsItem.swift in Sources */ = {isa = PBXBuildFile; fileRef = 2C85A55B238858F4007DB1BB /* NewsItem.swift */; };
		2C85A56023885A47007DB1BB /* SteamNewsService.swift in Sources */ = {isa = PBXBuildFile; fileRef = 2C85A55F23885A47007DB1BB /* SteamNewsService.swift */; };
		2C85A56223885DD8007DB1BB /* GetFriendListRequest.swift in Sources */ = {isa = PBXBuildFile; fileRef = 2C85A56123885DD8007DB1BB /* GetFriendListRequest.swift */; };
		2C85A56423885E11007DB1BB /* FriendListResponse.swift in Sources */ = {isa = PBXBuildFile; fileRef = 2C85A56323885E11007DB1BB /* FriendListResponse.swift */; };
		2C85A56623885E38007DB1BB /* FriendsList.swift in Sources */ = {isa = PBXBuildFile; fileRef = 2C85A56523885E38007DB1BB /* FriendsList.swift */; };
		2C85A56823885E4E007DB1BB /* Friend.swift in Sources */ = {isa = PBXBuildFile; fileRef = 2C85A56723885E4E007DB1BB /* Friend.swift */; };
		2C85A56A23886047007DB1BB /* UserGroupListResponse.swift in Sources */ = {isa = PBXBuildFile; fileRef = 2C85A56923886047007DB1BB /* UserGroupListResponse.swift */; };
		2C85A56C23886067007DB1BB /* Group.swift in Sources */ = {isa = PBXBuildFile; fileRef = 2C85A56B23886067007DB1BB /* Group.swift */; };
		2C85A56E238860A0007DB1BB /* GetUserGroupListRequest.swift in Sources */ = {isa = PBXBuildFile; fileRef = 2C85A56D238860A0007DB1BB /* GetUserGroupListRequest.swift */; };
		2C85A570238863EC007DB1BB /* GlobalAchievementPercentagesForAppResponse.swift in Sources */ = {isa = PBXBuildFile; fileRef = 2C85A56F238863EC007DB1BB /* GlobalAchievementPercentagesForAppResponse.swift */; };
		2C85A57223886422007DB1BB /* AchievementPercentages.swift in Sources */ = {isa = PBXBuildFile; fileRef = 2C85A57123886422007DB1BB /* AchievementPercentages.swift */; };
		2C85A57423886436007DB1BB /* GlobalAchievement.swift in Sources */ = {isa = PBXBuildFile; fileRef = 2C85A57323886436007DB1BB /* GlobalAchievement.swift */; };
		2C85A57623886466007DB1BB /* GetGlobalAchievementPercentagesForAppRequest.swift in Sources */ = {isa = PBXBuildFile; fileRef = 2C85A57523886466007DB1BB /* GetGlobalAchievementPercentagesForAppRequest.swift */; };
		2C85A579238864BE007DB1BB /* SteamUserStatsService.swift in Sources */ = {isa = PBXBuildFile; fileRef = 2C85A578238864BE007DB1BB /* SteamUserStatsService.swift */; };
		2C85A57B238869F1007DB1BB /* NumberOfCurrentPlayersResponse.swift in Sources */ = {isa = PBXBuildFile; fileRef = 2C85A57A238869F1007DB1BB /* NumberOfCurrentPlayersResponse.swift */; };
		2C85A57D23886A4B007DB1BB /* GetNumberOfCurrentPlayersRequest.swift in Sources */ = {isa = PBXBuildFile; fileRef = 2C85A57C23886A4B007DB1BB /* GetNumberOfCurrentPlayersRequest.swift */; };
		2C85A57F238871FD007DB1BB /* PlayerAchievementsResponse.swift in Sources */ = {isa = PBXBuildFile; fileRef = 2C85A57E238871FD007DB1BB /* PlayerAchievementsResponse.swift */; };
		2C85A58123887230007DB1BB /* PlayerAchievementsPlayerStats.swift in Sources */ = {isa = PBXBuildFile; fileRef = 2C85A58023887230007DB1BB /* PlayerAchievementsPlayerStats.swift */; };
		2C85A58323887269007DB1BB /* PlayerAchievement.swift in Sources */ = {isa = PBXBuildFile; fileRef = 2C85A58223887268007DB1BB /* PlayerAchievement.swift */; };
		2C85A585238872AA007DB1BB /* GetPlayerAchievementsRequest.swift in Sources */ = {isa = PBXBuildFile; fileRef = 2C85A584238872AA007DB1BB /* GetPlayerAchievementsRequest.swift */; };
		2C85A587238878CC007DB1BB /* SchemaForGameResponse.swift in Sources */ = {isa = PBXBuildFile; fileRef = 2C85A586238878CC007DB1BB /* SchemaForGameResponse.swift */; };
		2C85A589238878E6007DB1BB /* GameSchema.swift in Sources */ = {isa = PBXBuildFile; fileRef = 2C85A588238878E6007DB1BB /* GameSchema.swift */; };
		2C85A58B23887904007DB1BB /* AvailableGameStats.swift in Sources */ = {isa = PBXBuildFile; fileRef = 2C85A58A23887904007DB1BB /* AvailableGameStats.swift */; };
		2C85A58D2388793C007DB1BB /* SchemaStat.swift in Sources */ = {isa = PBXBuildFile; fileRef = 2C85A58C2388793C007DB1BB /* SchemaStat.swift */; };
		2C85A58F2388796D007DB1BB /* SchemaAchievement.swift in Sources */ = {isa = PBXBuildFile; fileRef = 2C85A58E2388796D007DB1BB /* SchemaAchievement.swift */; };
		2C85A591238879C3007DB1BB /* GetSchemaForGameRequest.swift in Sources */ = {isa = PBXBuildFile; fileRef = 2C85A590238879C3007DB1BB /* GetSchemaForGameRequest.swift */; };
		2C85A59323887ECA007DB1BB /* UserStatsForGameResponse.swift in Sources */ = {isa = PBXBuildFile; fileRef = 2C85A59223887ECA007DB1BB /* UserStatsForGameResponse.swift */; };
		2C85A59523887EF6007DB1BB /* UserStatsForGamePlayerStats.swift in Sources */ = {isa = PBXBuildFile; fileRef = 2C85A59423887EF6007DB1BB /* UserStatsForGamePlayerStats.swift */; };
		2C85A59723887F1D007DB1BB /* Stat.swift in Sources */ = {isa = PBXBuildFile; fileRef = 2C85A59623887F1D007DB1BB /* Stat.swift */; };
		2C85A59923887F2C007DB1BB /* Achievement.swift in Sources */ = {isa = PBXBuildFile; fileRef = 2C85A59823887F2C007DB1BB /* Achievement.swift */; };
		2C85A59B23887F56007DB1BB /* GetUserStatsForGameRequest.swift in Sources */ = {isa = PBXBuildFile; fileRef = 2C85A59A23887F56007DB1BB /* GetUserStatsForGameRequest.swift */; };
		3356D28018F0BEDA57B1C9D3 /* TitleValueCollectionCellViewModel.swift in Sources */ = {isa = PBXBuildFile; fileRef = C9DC6AC75056FA614F0B130B /* TitleValueCollectionCellViewModel.swift */; };
		4364B395FE62928D57D6DAA1 /* TextCellViewModel.swift in Sources */ = {isa = PBXBuildFile; fileRef = D5CDBAD0287688016429DDC0 /* TextCellViewModel.swift */; };
		45E037F118EAABEFFA42E028 /* CountryCell.swift in Sources */ = {isa = PBXBuildFile; fileRef = 74546FCA02C1B6D13BCAC947 /* CountryCell.swift */; };
		4B4CAF83F23E58ED51CABB9B /* LevelCellViewModel.swift in Sources */ = {isa = PBXBuildFile; fileRef = B4DFE2692B1ADF8EEC67270F /* LevelCellViewModel.swift */; };
		6B97B3813CDBAB19DC94D76F /* TitleDisclosureCellViewModel.swift in Sources */ = {isa = PBXBuildFile; fileRef = 79A3EB25D1889321778F664F /* TitleDisclosureCellViewModel.swift */; };
		71A6963C7EF78A4905037A6B /* ActivityViewController.swift in Sources */ = {isa = PBXBuildFile; fileRef = C4CC7A5176461DE60370991F /* ActivityViewController.swift */; };
		7B52238339E78F96FC8088E0 /* UserPicStatusCell.swift in Sources */ = {isa = PBXBuildFile; fileRef = D6B41DED2C4E2748330CBBD7 /* UserPicStatusCell.swift */; };
		80C0A69CE1D167B2CAB7411D /* ProgressView.swift in Sources */ = {isa = PBXBuildFile; fileRef = 479FF98A35D244C1D84BD1E0 /* ProgressView.swift */; };
		83FF4BB72956FA228363A03E /* UserPicStatusCellViewModel.swift in Sources */ = {isa = PBXBuildFile; fileRef = CF3D0FD0419E4C48C7484ED1 /* UserPicStatusCellViewModel.swift */; };
		8DBEF02CAB50B87E7174678A /* ActivityViewModel.swift in Sources */ = {isa = PBXBuildFile; fileRef = 077594191B9C555EC0DFF512 /* ActivityViewModel.swift */; };
		B92A7449C4BCD542FB663ED2 /* LevelCell.swift in Sources */ = {isa = PBXBuildFile; fileRef = CDFE30504AD8844ED9C6916B /* LevelCell.swift */; };
		C35B081949C0BB0967F7736B /* TitleValueView.swift in Sources */ = {isa = PBXBuildFile; fileRef = F4E097107A2380ED6980CD47 /* TitleValueView.swift */; };
		CE3005E2D81397B29E45324E /* TitleDisclosureCell.swift in Sources */ = {isa = PBXBuildFile; fileRef = 9F86178C71B7ACC737DD351E /* TitleDisclosureCell.swift */; };
		D783982B33AE286FC8E6DE8E /* CountryCellViewModel.swift in Sources */ = {isa = PBXBuildFile; fileRef = 02E4C6ABB7026379CAC9AFCB /* CountryCellViewModel.swift */; };
		DB7BAB3817AB524229887BAB /* Pods_Steam.framework in Frameworks */ = {isa = PBXBuildFile; fileRef = 670A348B30FB8DAE4558E2B2 /* Pods_Steam.framework */; };
/* End PBXBuildFile section */

/* Begin PBXFileReference section */
		02E4C6ABB7026379CAC9AFCB /* CountryCellViewModel.swift */ = {isa = PBXFileReference; includeInIndex = 1; lastKnownFileType = sourcecode.swift; path = CountryCellViewModel.swift; sourceTree = "<group>"; };
		077594191B9C555EC0DFF512 /* ActivityViewModel.swift */ = {isa = PBXFileReference; includeInIndex = 1; lastKnownFileType = sourcecode.swift; path = ActivityViewModel.swift; sourceTree = "<group>"; };
		12DF3066996E27E3E5792621 /* Pods-Steam.release.xcconfig */ = {isa = PBXFileReference; includeInIndex = 1; lastKnownFileType = text.xcconfig; name = "Pods-Steam.release.xcconfig"; path = "Target Support Files/Pods-Steam/Pods-Steam.release.xcconfig"; sourceTree = "<group>"; };
		2C04E5BB238464D00058CC18 /* Steam.app */ = {isa = PBXFileReference; explicitFileType = wrapper.application; includeInIndex = 0; path = Steam.app; sourceTree = BUILT_PRODUCTS_DIR; };
		2C04E5BE238464D00058CC18 /* AppDelegate.swift */ = {isa = PBXFileReference; lastKnownFileType = sourcecode.swift; path = AppDelegate.swift; sourceTree = "<group>"; };
		2C04E5C7238464D20058CC18 /* Images.xcassets */ = {isa = PBXFileReference; lastKnownFileType = folder.assetcatalog; path = Images.xcassets; sourceTree = "<group>"; };
		2C04E5CC238464D20058CC18 /* Info.plist */ = {isa = PBXFileReference; lastKnownFileType = text.plist.xml; path = Info.plist; sourceTree = "<group>"; };
		2C04E5DD238466960058CC18 /* Colors.xcassets */ = {isa = PBXFileReference; lastKnownFileType = folder.assetcatalog; path = Colors.xcassets; sourceTree = "<group>"; };
		2C04E5E2238467DF0058CC18 /* R.generated.swift */ = {isa = PBXFileReference; fileEncoding = 4; lastKnownFileType = sourcecode.swift; path = R.generated.swift; sourceTree = "<group>"; };
		2C04E5E62384681B0058CC18 /* LaunchScreen.storyboard */ = {isa = PBXFileReference; lastKnownFileType = file.storyboard; path = LaunchScreen.storyboard; sourceTree = "<group>"; };
		2C04E5EC238468770058CC18 /* en */ = {isa = PBXFileReference; lastKnownFileType = text.plist.strings; name = en; path = en.lproj/Localizable.strings; sourceTree = "<group>"; };
		2C04E5EF23846D0C0058CC18 /* ApiService.swift */ = {isa = PBXFileReference; lastKnownFileType = sourcecode.swift; path = ApiService.swift; sourceTree = "<group>"; };
		2C04E5F123846D670058CC18 /* RequestParameter.swift */ = {isa = PBXFileReference; lastKnownFileType = sourcecode.swift; path = RequestParameter.swift; sourceTree = "<group>"; };
		2C04E5F623846DB00058CC18 /* Dictionary+MapPairs.swift */ = {isa = PBXFileReference; lastKnownFileType = sourcecode.swift; path = "Dictionary+MapPairs.swift"; sourceTree = "<group>"; };
		2C04E5FB23847D990058CC18 /* Dictionary+Operators.swift */ = {isa = PBXFileReference; lastKnownFileType = sourcecode.swift; path = "Dictionary+Operators.swift"; sourceTree = "<group>"; };
		2C35AD812385B1CC003161F0 /* TableDirector+Replace.swift */ = {isa = PBXFileReference; lastKnownFileType = sourcecode.swift; path = "TableDirector+Replace.swift"; sourceTree = "<group>"; };
		2C35AD832385B1DF003161F0 /* TableSection+Init.swift */ = {isa = PBXFileReference; lastKnownFileType = sourcecode.swift; path = "TableSection+Init.swift"; sourceTree = "<group>"; };
		2C35AD862385B260003161F0 /* PlayerSummariesResponse.swift */ = {isa = PBXFileReference; lastKnownFileType = sourcecode.swift; path = PlayerSummariesResponse.swift; sourceTree = "<group>"; };
		2C35AD882385B271003161F0 /* Player.swift */ = {isa = PBXFileReference; lastKnownFileType = sourcecode.swift; path = Player.swift; sourceTree = "<group>"; };
		2C35AD8A2385B5CF003161F0 /* GetPlayerSummariesRequest.swift */ = {isa = PBXFileReference; lastKnownFileType = sourcecode.swift; path = GetPlayerSummariesRequest.swift; sourceTree = "<group>"; };
		2C35AD8C2385B6C6003161F0 /* SteamResponse.swift */ = {isa = PBXFileReference; lastKnownFileType = sourcecode.swift; path = SteamResponse.swift; sourceTree = "<group>"; };
		2C35AD8F2385BDFA003161F0 /* TabBarController.swift */ = {isa = PBXFileReference; lastKnownFileType = sourcecode.swift; path = TabBarController.swift; sourceTree = "<group>"; };
		2C35AD932385BE51003161F0 /* UIViewController+UINavigationController.swift */ = {isa = PBXFileReference; lastKnownFileType = sourcecode.swift; path = "UIViewController+UINavigationController.swift"; sourceTree = "<group>"; };
		2C35AD992385BEBB003161F0 /* NavigationController.swift */ = {isa = PBXFileReference; lastKnownFileType = sourcecode.swift; path = NavigationController.swift; sourceTree = "<group>"; };
		2C35AD9F2385BF36003161F0 /* Tab.swift */ = {isa = PBXFileReference; lastKnownFileType = sourcecode.swift; path = Tab.swift; sourceTree = "<group>"; };
		2C35ADA12385CA5E003161F0 /* RecentlyPlayedGamesResponse.swift */ = {isa = PBXFileReference; lastKnownFileType = sourcecode.swift; path = RecentlyPlayedGamesResponse.swift; sourceTree = "<group>"; };
		2C35ADA32385CA7E003161F0 /* Game.swift */ = {isa = PBXFileReference; lastKnownFileType = sourcecode.swift; path = Game.swift; sourceTree = "<group>"; };
		2C35ADA52385CAF3003161F0 /* GetRecentlyPlayedGamesRequest.swift */ = {isa = PBXFileReference; lastKnownFileType = sourcecode.swift; path = GetRecentlyPlayedGamesRequest.swift; sourceTree = "<group>"; };
		2C35ADA72385CDC8003161F0 /* PersonaState.swift */ = {isa = PBXFileReference; lastKnownFileType = sourcecode.swift; path = PersonaState.swift; sourceTree = "<group>"; };
		2C35ADA92385CDE8003161F0 /* CommunityVisibilityState.swift */ = {isa = PBXFileReference; lastKnownFileType = sourcecode.swift; path = CommunityVisibilityState.swift; sourceTree = "<group>"; };
		2C35ADAC2385CE84003161F0 /* SteamUserService.swift */ = {isa = PBXFileReference; lastKnownFileType = sourcecode.swift; path = SteamUserService.swift; sourceTree = "<group>"; };
		2C35ADB12385D418003161F0 /* GetOwnedGamesRequest.swift */ = {isa = PBXFileReference; lastKnownFileType = sourcecode.swift; path = GetOwnedGamesRequest.swift; sourceTree = "<group>"; };
		2C35ADB32385D4F5003161F0 /* OwnedGamesResponse.swift */ = {isa = PBXFileReference; lastKnownFileType = sourcecode.swift; path = OwnedGamesResponse.swift; sourceTree = "<group>"; };
		2C35ADB52385D58F003161F0 /* OwnedGame.swift */ = {isa = PBXFileReference; lastKnownFileType = sourcecode.swift; path = OwnedGame.swift; sourceTree = "<group>"; };
		2C35ADB82385D766003161F0 /* SteamPlayerService.swift */ = {isa = PBXFileReference; lastKnownFileType = sourcecode.swift; path = SteamPlayerService.swift; sourceTree = "<group>"; };
		2C41F6FE238932BD006EC815 /* AppDetailsResponse.swift */ = {isa = PBXFileReference; lastKnownFileType = sourcecode.swift; path = AppDetailsResponse.swift; sourceTree = "<group>"; };
		2C41F700238932E2006EC815 /* AppDetails.swift */ = {isa = PBXFileReference; lastKnownFileType = sourcecode.swift; path = AppDetails.swift; sourceTree = "<group>"; };
		2C41F7022389358A006EC815 /* PriceOverview.swift */ = {isa = PBXFileReference; lastKnownFileType = sourcecode.swift; path = PriceOverview.swift; sourceTree = "<group>"; };
		2C41F70423893602006EC815 /* Platforms.swift */ = {isa = PBXFileReference; lastKnownFileType = sourcecode.swift; path = Platforms.swift; sourceTree = "<group>"; };
		2C41F70623893625006EC815 /* Metacritic.swift */ = {isa = PBXFileReference; lastKnownFileType = sourcecode.swift; path = Metacritic.swift; sourceTree = "<group>"; };
		2C41F70823893645006EC815 /* Genre.swift */ = {isa = PBXFileReference; lastKnownFileType = sourcecode.swift; path = Genre.swift; sourceTree = "<group>"; };
		2C41F70A2389368D006EC815 /* Screenshot.swift */ = {isa = PBXFileReference; lastKnownFileType = sourcecode.swift; path = Screenshot.swift; sourceTree = "<group>"; };
		2C41F70E238936D9006EC815 /* Recommendations.swift */ = {isa = PBXFileReference; lastKnownFileType = sourcecode.swift; path = Recommendations.swift; sourceTree = "<group>"; };
		2C41F710238936EB006EC815 /* ReleaseDate.swift */ = {isa = PBXFileReference; lastKnownFileType = sourcecode.swift; path = ReleaseDate.swift; sourceTree = "<group>"; };
		2C41F71223893734006EC815 /* AppDetailsRequest.swift */ = {isa = PBXFileReference; lastKnownFileType = sourcecode.swift; path = AppDetailsRequest.swift; sourceTree = "<group>"; };
		2C41F71723893852006EC815 /* SteamStoreService.swift */ = {isa = PBXFileReference; lastKnownFileType = sourcecode.swift; path = SteamStoreService.swift; sourceTree = "<group>"; };
		2C41F71A23893A84006EC815 /* GetAppListRequest.swift */ = {isa = PBXFileReference; lastKnownFileType = sourcecode.swift; path = GetAppListRequest.swift; sourceTree = "<group>"; };
		2C41F71C23893AC6006EC815 /* AppListResponse.swift */ = {isa = PBXFileReference; lastKnownFileType = sourcecode.swift; path = AppListResponse.swift; sourceTree = "<group>"; };
		2C41F71E23893B0E006EC815 /* AppList.swift */ = {isa = PBXFileReference; lastKnownFileType = sourcecode.swift; path = AppList.swift; sourceTree = "<group>"; };
		2C41F72023893B1C006EC815 /* App.swift */ = {isa = PBXFileReference; lastKnownFileType = sourcecode.swift; path = App.swift; sourceTree = "<group>"; };
		2C41F72323893B41006EC815 /* SteamAppsService.swift */ = {isa = PBXFileReference; lastKnownFileType = sourcecode.swift; path = SteamAppsService.swift; sourceTree = "<group>"; };
		2C41F7272389572B006EC815 /* CGFloat+GlobalConstants.swift */ = {isa = PBXFileReference; lastKnownFileType = sourcecode.swift; path = "CGFloat+GlobalConstants.swift"; sourceTree = "<group>"; };
		2C41F72923895ECD006EC815 /* TitleValueItem.swift */ = {isa = PBXFileReference; lastKnownFileType = sourcecode.swift; path = TitleValueItem.swift; sourceTree = "<group>"; };
		2C41F72C2389656B006EC815 /* UIImageView+AsyncLoading.swift */ = {isa = PBXFileReference; lastKnownFileType = sourcecode.swift; path = "UIImageView+AsyncLoading.swift"; sourceTree = "<group>"; };
		2C41F733238972BE006EC815 /* DateFormatter+Formatters.swift */ = {isa = PBXFileReference; lastKnownFileType = sourcecode.swift; path = "DateFormatter+Formatters.swift"; sourceTree = "<group>"; };
		2C5952BD238710B400AA1DA6 /* GetBadgesRequest.swift */ = {isa = PBXFileReference; lastKnownFileType = sourcecode.swift; path = GetBadgesRequest.swift; sourceTree = "<group>"; };
		2C5952BF2387112800AA1DA6 /* BadgesResponse.swift */ = {isa = PBXFileReference; lastKnownFileType = sourcecode.swift; path = BadgesResponse.swift; sourceTree = "<group>"; };
		2C5952C12387114100AA1DA6 /* Badge.swift */ = {isa = PBXFileReference; lastKnownFileType = sourcecode.swift; path = Badge.swift; sourceTree = "<group>"; };
		2C85A555238856DB007DB1BB /* GetNewsForAppRequest.swift */ = {isa = PBXFileReference; lastKnownFileType = sourcecode.swift; path = GetNewsForAppRequest.swift; sourceTree = "<group>"; };
		2C85A5572388586D007DB1BB /* NewsForAppResponse.swift */ = {isa = PBXFileReference; lastKnownFileType = sourcecode.swift; path = NewsForAppResponse.swift; sourceTree = "<group>"; };
		2C85A559238858A5007DB1BB /* AppNews.swift */ = {isa = PBXFileReference; lastKnownFileType = sourcecode.swift; path = AppNews.swift; sourceTree = "<group>"; };
		2C85A55B238858F4007DB1BB /* NewsItem.swift */ = {isa = PBXFileReference; lastKnownFileType = sourcecode.swift; path = NewsItem.swift; sourceTree = "<group>"; };
		2C85A55F23885A47007DB1BB /* SteamNewsService.swift */ = {isa = PBXFileReference; lastKnownFileType = sourcecode.swift; path = SteamNewsService.swift; sourceTree = "<group>"; };
		2C85A56123885DD8007DB1BB /* GetFriendListRequest.swift */ = {isa = PBXFileReference; lastKnownFileType = sourcecode.swift; path = GetFriendListRequest.swift; sourceTree = "<group>"; };
		2C85A56323885E11007DB1BB /* FriendListResponse.swift */ = {isa = PBXFileReference; lastKnownFileType = sourcecode.swift; path = FriendListResponse.swift; sourceTree = "<group>"; };
		2C85A56523885E38007DB1BB /* FriendsList.swift */ = {isa = PBXFileReference; lastKnownFileType = sourcecode.swift; path = FriendsList.swift; sourceTree = "<group>"; };
		2C85A56723885E4E007DB1BB /* Friend.swift */ = {isa = PBXFileReference; lastKnownFileType = sourcecode.swift; path = Friend.swift; sourceTree = "<group>"; };
		2C85A56923886047007DB1BB /* UserGroupListResponse.swift */ = {isa = PBXFileReference; lastKnownFileType = sourcecode.swift; path = UserGroupListResponse.swift; sourceTree = "<group>"; };
		2C85A56B23886067007DB1BB /* Group.swift */ = {isa = PBXFileReference; lastKnownFileType = sourcecode.swift; path = Group.swift; sourceTree = "<group>"; };
		2C85A56D238860A0007DB1BB /* GetUserGroupListRequest.swift */ = {isa = PBXFileReference; lastKnownFileType = sourcecode.swift; path = GetUserGroupListRequest.swift; sourceTree = "<group>"; };
		2C85A56F238863EC007DB1BB /* GlobalAchievementPercentagesForAppResponse.swift */ = {isa = PBXFileReference; lastKnownFileType = sourcecode.swift; path = GlobalAchievementPercentagesForAppResponse.swift; sourceTree = "<group>"; };
		2C85A57123886422007DB1BB /* AchievementPercentages.swift */ = {isa = PBXFileReference; lastKnownFileType = sourcecode.swift; path = AchievementPercentages.swift; sourceTree = "<group>"; };
		2C85A57323886436007DB1BB /* GlobalAchievement.swift */ = {isa = PBXFileReference; lastKnownFileType = sourcecode.swift; path = GlobalAchievement.swift; sourceTree = "<group>"; };
		2C85A57523886466007DB1BB /* GetGlobalAchievementPercentagesForAppRequest.swift */ = {isa = PBXFileReference; lastKnownFileType = sourcecode.swift; path = GetGlobalAchievementPercentagesForAppRequest.swift; sourceTree = "<group>"; };
		2C85A578238864BE007DB1BB /* SteamUserStatsService.swift */ = {isa = PBXFileReference; lastKnownFileType = sourcecode.swift; path = SteamUserStatsService.swift; sourceTree = "<group>"; };
		2C85A57A238869F1007DB1BB /* NumberOfCurrentPlayersResponse.swift */ = {isa = PBXFileReference; lastKnownFileType = sourcecode.swift; path = NumberOfCurrentPlayersResponse.swift; sourceTree = "<group>"; };
		2C85A57C23886A4B007DB1BB /* GetNumberOfCurrentPlayersRequest.swift */ = {isa = PBXFileReference; lastKnownFileType = sourcecode.swift; path = GetNumberOfCurrentPlayersRequest.swift; sourceTree = "<group>"; };
		2C85A57E238871FD007DB1BB /* PlayerAchievementsResponse.swift */ = {isa = PBXFileReference; lastKnownFileType = sourcecode.swift; path = PlayerAchievementsResponse.swift; sourceTree = "<group>"; };
		2C85A58023887230007DB1BB /* PlayerAchievementsPlayerStats.swift */ = {isa = PBXFileReference; lastKnownFileType = sourcecode.swift; path = PlayerAchievementsPlayerStats.swift; sourceTree = "<group>"; };
		2C85A58223887268007DB1BB /* PlayerAchievement.swift */ = {isa = PBXFileReference; lastKnownFileType = sourcecode.swift; path = PlayerAchievement.swift; sourceTree = "<group>"; };
		2C85A584238872AA007DB1BB /* GetPlayerAchievementsRequest.swift */ = {isa = PBXFileReference; lastKnownFileType = sourcecode.swift; path = GetPlayerAchievementsRequest.swift; sourceTree = "<group>"; };
		2C85A586238878CC007DB1BB /* SchemaForGameResponse.swift */ = {isa = PBXFileReference; lastKnownFileType = sourcecode.swift; path = SchemaForGameResponse.swift; sourceTree = "<group>"; };
		2C85A588238878E6007DB1BB /* GameSchema.swift */ = {isa = PBXFileReference; lastKnownFileType = sourcecode.swift; path = GameSchema.swift; sourceTree = "<group>"; };
		2C85A58A23887904007DB1BB /* AvailableGameStats.swift */ = {isa = PBXFileReference; lastKnownFileType = sourcecode.swift; path = AvailableGameStats.swift; sourceTree = "<group>"; };
		2C85A58C2388793C007DB1BB /* SchemaStat.swift */ = {isa = PBXFileReference; lastKnownFileType = sourcecode.swift; path = SchemaStat.swift; sourceTree = "<group>"; };
		2C85A58E2388796D007DB1BB /* SchemaAchievement.swift */ = {isa = PBXFileReference; lastKnownFileType = sourcecode.swift; path = SchemaAchievement.swift; sourceTree = "<group>"; };
		2C85A590238879C3007DB1BB /* GetSchemaForGameRequest.swift */ = {isa = PBXFileReference; lastKnownFileType = sourcecode.swift; path = GetSchemaForGameRequest.swift; sourceTree = "<group>"; };
		2C85A59223887ECA007DB1BB /* UserStatsForGameResponse.swift */ = {isa = PBXFileReference; lastKnownFileType = sourcecode.swift; path = UserStatsForGameResponse.swift; sourceTree = "<group>"; };
		2C85A59423887EF6007DB1BB /* UserStatsForGamePlayerStats.swift */ = {isa = PBXFileReference; lastKnownFileType = sourcecode.swift; path = UserStatsForGamePlayerStats.swift; sourceTree = "<group>"; };
		2C85A59623887F1D007DB1BB /* Stat.swift */ = {isa = PBXFileReference; lastKnownFileType = sourcecode.swift; path = Stat.swift; sourceTree = "<group>"; };
		2C85A59823887F2C007DB1BB /* Achievement.swift */ = {isa = PBXFileReference; lastKnownFileType = sourcecode.swift; path = Achievement.swift; sourceTree = "<group>"; };
		2C85A59A23887F56007DB1BB /* GetUserStatsForGameRequest.swift */ = {isa = PBXFileReference; lastKnownFileType = sourcecode.swift; path = GetUserStatsForGameRequest.swift; sourceTree = "<group>"; };
		40DAEF0D528039773DFB7AEF /* TextCell.swift */ = {isa = PBXFileReference; includeInIndex = 1; lastKnownFileType = sourcecode.swift; path = TextCell.swift; sourceTree = "<group>"; };
		479FF98A35D244C1D84BD1E0 /* ProgressView.swift */ = {isa = PBXFileReference; includeInIndex = 1; lastKnownFileType = sourcecode.swift; path = ProgressView.swift; sourceTree = "<group>"; };
		670A348B30FB8DAE4558E2B2 /* Pods_Steam.framework */ = {isa = PBXFileReference; explicitFileType = wrapper.framework; includeInIndex = 0; path = Pods_Steam.framework; sourceTree = BUILT_PRODUCTS_DIR; };
		74546FCA02C1B6D13BCAC947 /* CountryCell.swift */ = {isa = PBXFileReference; includeInIndex = 1; lastKnownFileType = sourcecode.swift; path = CountryCell.swift; sourceTree = "<group>"; };
		79A3EB25D1889321778F664F /* TitleDisclosureCellViewModel.swift */ = {isa = PBXFileReference; includeInIndex = 1; lastKnownFileType = sourcecode.swift; path = TitleDisclosureCellViewModel.swift; sourceTree = "<group>"; };
		7C57B9639D578059827C0E94 /* ProfileViewController.swift */ = {isa = PBXFileReference; includeInIndex = 1; lastKnownFileType = sourcecode.swift; path = ProfileViewController.swift; sourceTree = "<group>"; };
		7D8251237094B37F664D4B9A /* TitleValueCollectionCell.swift */ = {isa = PBXFileReference; includeInIndex = 1; lastKnownFileType = sourcecode.swift; path = TitleValueCollectionCell.swift; sourceTree = "<group>"; };
		8FCD7F51A8796E84575DCA8C /* Pods-Steam.debug.xcconfig */ = {isa = PBXFileReference; includeInIndex = 1; lastKnownFileType = text.xcconfig; name = "Pods-Steam.debug.xcconfig"; path = "Target Support Files/Pods-Steam/Pods-Steam.debug.xcconfig"; sourceTree = "<group>"; };
		99F7CF14D883DC383B49A5CF /* ProfileViewModel.swift */ = {isa = PBXFileReference; includeInIndex = 1; lastKnownFileType = sourcecode.swift; path = ProfileViewModel.swift; sourceTree = "<group>"; };
		9F86178C71B7ACC737DD351E /* TitleDisclosureCell.swift */ = {isa = PBXFileReference; includeInIndex = 1; lastKnownFileType = sourcecode.swift; path = TitleDisclosureCell.swift; sourceTree = "<group>"; };
		B4DFE2692B1ADF8EEC67270F /* LevelCellViewModel.swift */ = {isa = PBXFileReference; includeInIndex = 1; lastKnownFileType = sourcecode.swift; path = LevelCellViewModel.swift; sourceTree = "<group>"; };
		C4CC7A5176461DE60370991F /* ActivityViewController.swift */ = {isa = PBXFileReference; includeInIndex = 1; lastKnownFileType = sourcecode.swift; path = ActivityViewController.swift; sourceTree = "<group>"; };
		C9DC6AC75056FA614F0B130B /* TitleValueCollectionCellViewModel.swift */ = {isa = PBXFileReference; includeInIndex = 1; lastKnownFileType = sourcecode.swift; path = TitleValueCollectionCellViewModel.swift; sourceTree = "<group>"; };
		CDFE30504AD8844ED9C6916B /* LevelCell.swift */ = {isa = PBXFileReference; includeInIndex = 1; lastKnownFileType = sourcecode.swift; path = LevelCell.swift; sourceTree = "<group>"; };
		CF3D0FD0419E4C48C7484ED1 /* UserPicStatusCellViewModel.swift */ = {isa = PBXFileReference; includeInIndex = 1; lastKnownFileType = sourcecode.swift; path = UserPicStatusCellViewModel.swift; sourceTree = "<group>"; };
		D5CDBAD0287688016429DDC0 /* TextCellViewModel.swift */ = {isa = PBXFileReference; includeInIndex = 1; lastKnownFileType = sourcecode.swift; path = TextCellViewModel.swift; sourceTree = "<group>"; };
		D6B41DED2C4E2748330CBBD7 /* UserPicStatusCell.swift */ = {isa = PBXFileReference; includeInIndex = 1; lastKnownFileType = sourcecode.swift; path = UserPicStatusCell.swift; sourceTree = "<group>"; };
		F4E097107A2380ED6980CD47 /* TitleValueView.swift */ = {isa = PBXFileReference; includeInIndex = 1; lastKnownFileType = sourcecode.swift; path = TitleValueView.swift; sourceTree = "<group>"; };
/* End PBXFileReference section */

/* Begin PBXFrameworksBuildPhase section */
		2C04E5B8238464D00058CC18 /* Frameworks */ = {
			isa = PBXFrameworksBuildPhase;
			buildActionMask = 2147483647;
			files = (
				DB7BAB3817AB524229887BAB /* Pods_Steam.framework in Frameworks */,
			);
			runOnlyForDeploymentPostprocessing = 0;
		};
/* End PBXFrameworksBuildPhase section */

/* Begin PBXGroup section */
		181D3B6E4C169480373EE8EF /* TitleValue */ = {
			isa = PBXGroup;
			children = (
				F4E097107A2380ED6980CD47 /* TitleValueView.swift */,
			);
			path = TitleValue;
			sourceTree = "<group>";
		};
		1CFA047748F357CCE96B8A1E /* Activity */ = {
			isa = PBXGroup;
			children = (
				C4CC7A5176461DE60370991F /* ActivityViewController.swift */,
				077594191B9C555EC0DFF512 /* ActivityViewModel.swift */,
			);
			path = Activity;
			sourceTree = "<group>";
		};
		2C04E5B2238464D00058CC18 = {
			isa = PBXGroup;
			children = (
				2C04E5BD238464D00058CC18 /* Steam */,
				2C04E5BC238464D00058CC18 /* Products */,
				A0995BFBB94BA03A3198FD9C /* Pods */,
				E0D100F69CA409FA07BFFDB4 /* Frameworks */,
			);
			sourceTree = "<group>";
		};
		2C04E5BC238464D00058CC18 /* Products */ = {
			isa = PBXGroup;
			children = (
				2C04E5BB238464D00058CC18 /* Steam.app */,
			);
			name = Products;
			sourceTree = "<group>";
		};
		2C04E5BD238464D00058CC18 /* Steam */ = {
			isa = PBXGroup;
			children = (
				2C04E5CC238464D20058CC18 /* Info.plist */,
				2C04E5BE238464D00058CC18 /* AppDelegate.swift */,
				2C04E5D32384661A0058CC18 /* Business Logic */,
				2C04E5D9238466630058CC18 /* Extensions */,
				2C04E5D4238466220058CC18 /* Presentation */,
				2C04E5D2238464F40058CC18 /* Resources */,
			);
			path = Steam;
			sourceTree = "<group>";
		};
		2C04E5D2238464F40058CC18 /* Resources */ = {
			isa = PBXGroup;
			children = (
				2C04E5E82384685E0058CC18 /* Strings */,
				2C04E5DA238466730058CC18 /* Assets */,
				2C04E5E0238467830058CC18 /* Generated */,
				2C04E5DF2384669E0058CC18 /* Splash */,
			);
			path = Resources;
			sourceTree = "<group>";
		};
		2C04E5D32384661A0058CC18 /* Business Logic */ = {
			isa = PBXGroup;
			children = (
				2C35AD852385B256003161F0 /* Models */,
				2C04E5D8238466550058CC18 /* Services */,
			);
			path = "Business Logic";
			sourceTree = "<group>";
		};
		2C04E5D4238466220058CC18 /* Presentation */ = {
			isa = PBXGroup;
			children = (
				2C04E5D72384664D0058CC18 /* Cells */,
				2C35AD9E2385BF2C003161F0 /* Models */,
				2C04E5D5238466420058CC18 /* ViewControllers */,
				2C04E5D6238466480058CC18 /* Views */,
			);
			path = Presentation;
			sourceTree = "<group>";
		};
		2C04E5D5238466420058CC18 /* ViewControllers */ = {
			isa = PBXGroup;
			children = (
				1CFA047748F357CCE96B8A1E /* Activity */,
				2C35AD972385BEA6003161F0 /* Common */,
				84BA9C275CDCF2F4E1534AF4 /* Profile */,
				2C35AD8E2385BDE3003161F0 /* TabBar */,
			);
			path = ViewControllers;
			sourceTree = "<group>";
		};
		2C04E5D6238466480058CC18 /* Views */ = {
			isa = PBXGroup;
			children = (
				181D3B6E4C169480373EE8EF /* TitleValue */,
				FF4D2214B1937B95B3AEC4CC /* Progress */,
			);
			path = Views;
			sourceTree = "<group>";
		};
		2C04E5D72384664D0058CC18 /* Cells */ = {
			isa = PBXGroup;
			children = (
				F35CC655A92410DE8C40C463 /* Text */,
				A55ABB69F70C5B5EAB530AEB /* Country */,
				2F12A48F249442A390FB86C5 /* TitleValueCollection */,
				8B14DD8A9B63A4DF8F891DA2 /* TitleDisclosure */,
				AA73DA0B7BC6D69504FBB7A5 /* UserPicStatus */,
				6F03DC408341175B4868F813 /* Level */,
			);
			path = Cells;
			sourceTree = "<group>";
		};
		2C04E5D8238466550058CC18 /* Services */ = {
			isa = PBXGroup;
			children = (
				2C41F72E238971F4006EC815 /* Formatting */,
				2C85A55E23885A2B007DB1BB /* Steam */,
				2C04E5F323846D770058CC18 /* Api */,
			);
			path = Services;
			sourceTree = "<group>";
		};
		2C04E5D9238466630058CC18 /* Extensions */ = {
			isa = PBXGroup;
			children = (
				2C41F72523895717006EC815 /* CoreGraphics */,
				2C04E5F423846D9D0058CC18 /* Swift */,
				2C35AD7E2385B1A6003161F0 /* TableKit */,
				2C35AD912385BE41003161F0 /* UIKit */,
			);
			path = Extensions;
			sourceTree = "<group>";
		};
		2C04E5DA238466730058CC18 /* Assets */ = {
			isa = PBXGroup;
			children = (
				2C04E5DD238466960058CC18 /* Colors.xcassets */,
				2C04E5C7238464D20058CC18 /* Images.xcassets */,
			);
			path = Assets;
			sourceTree = "<group>";
		};
		2C04E5DF2384669E0058CC18 /* Splash */ = {
			isa = PBXGroup;
			children = (
				2C04E5E62384681B0058CC18 /* LaunchScreen.storyboard */,
			);
			path = Splash;
			sourceTree = "<group>";
		};
		2C04E5E0238467830058CC18 /* Generated */ = {
			isa = PBXGroup;
			children = (
				2C04E5E2238467DF0058CC18 /* R.generated.swift */,
			);
			path = Generated;
			sourceTree = "<group>";
		};
		2C04E5E82384685E0058CC18 /* Strings */ = {
			isa = PBXGroup;
			children = (
				2C04E5ED238468770058CC18 /* Localizable.strings */,
			);
			path = Strings;
			sourceTree = "<group>";
		};
		2C04E5F323846D770058CC18 /* Api */ = {
			isa = PBXGroup;
			children = (
				2C04E5EF23846D0C0058CC18 /* ApiService.swift */,
				2C04E5F123846D670058CC18 /* RequestParameter.swift */,
				2C04E5F823846DF30058CC18 /* Requests */,
			);
			path = Api;
			sourceTree = "<group>";
		};
		2C04E5F423846D9D0058CC18 /* Swift */ = {
			isa = PBXGroup;
			children = (
				2C04E5F523846DA10058CC18 /* Dictionary */,
			);
			path = Swift;
			sourceTree = "<group>";
		};
		2C04E5F523846DA10058CC18 /* Dictionary */ = {
			isa = PBXGroup;
			children = (
				2C04E5F623846DB00058CC18 /* Dictionary+MapPairs.swift */,
				2C04E5FB23847D990058CC18 /* Dictionary+Operators.swift */,
			);
			path = Dictionary;
			sourceTree = "<group>";
		};
		2C04E5F823846DF30058CC18 /* Requests */ = {
			isa = PBXGroup;
			children = (
				2C41F714238937AA006EC815 /* Api */,
				2C41F715238937AE006EC815 /* Store */,
			);
			path = Requests;
			sourceTree = "<group>";
		};
		2C35AD7E2385B1A6003161F0 /* TableKit */ = {
			isa = PBXGroup;
			children = (
				2C35AD7F2385B1AC003161F0 /* TableDirector */,
				2C35AD802385B1B2003161F0 /* TableSection */,
			);
			path = TableKit;
			sourceTree = "<group>";
		};
		2C35AD7F2385B1AC003161F0 /* TableDirector */ = {
			isa = PBXGroup;
			children = (
				2C35AD812385B1CC003161F0 /* TableDirector+Replace.swift */,
			);
			path = TableDirector;
			sourceTree = "<group>";
		};
		2C35AD802385B1B2003161F0 /* TableSection */ = {
			isa = PBXGroup;
			children = (
				2C35AD832385B1DF003161F0 /* TableSection+Init.swift */,
			);
			path = TableSection;
			sourceTree = "<group>";
		};
		2C35AD852385B256003161F0 /* Models */ = {
			isa = PBXGroup;
			children = (
				2C35ADAE2385D0B1003161F0 /* Api */,
			);
			path = Models;
			sourceTree = "<group>";
		};
		2C35AD8E2385BDE3003161F0 /* TabBar */ = {
			isa = PBXGroup;
			children = (
				2C35AD8F2385BDFA003161F0 /* TabBarController.swift */,
			);
			path = TabBar;
			sourceTree = "<group>";
		};
		2C35AD912385BE41003161F0 /* UIKit */ = {
			isa = PBXGroup;
			children = (
				2C41F732238972AE006EC815 /* DateFormatter */,
				2C41F72B2389655F006EC815 /* UIImageView */,
				2C35AD922385BE46003161F0 /* UIViewController */,
			);
			path = UIKit;
			sourceTree = "<group>";
		};
		2C35AD922385BE46003161F0 /* UIViewController */ = {
			isa = PBXGroup;
			children = (
				2C35AD932385BE51003161F0 /* UIViewController+UINavigationController.swift */,
			);
			path = UIViewController;
			sourceTree = "<group>";
		};
		2C35AD972385BEA6003161F0 /* Common */ = {
			isa = PBXGroup;
			children = (
				2C35AD992385BEBB003161F0 /* NavigationController.swift */,
			);
			path = Common;
			sourceTree = "<group>";
		};
		2C35AD9D2385BF1F003161F0 /* Responses */ = {
			isa = PBXGroup;
			children = (
				2C41F6FE238932BD006EC815 /* AppDetailsResponse.swift */,
				2C41F71C23893AC6006EC815 /* AppListResponse.swift */,
				2C5952BF2387112800AA1DA6 /* BadgesResponse.swift */,
				2C85A56323885E11007DB1BB /* FriendListResponse.swift */,
				2C85A56F238863EC007DB1BB /* GlobalAchievementPercentagesForAppResponse.swift */,
				2C85A5572388586D007DB1BB /* NewsForAppResponse.swift */,
				2C85A57A238869F1007DB1BB /* NumberOfCurrentPlayersResponse.swift */,
				2C35ADB32385D4F5003161F0 /* OwnedGamesResponse.swift */,
				2C85A57E238871FD007DB1BB /* PlayerAchievementsResponse.swift */,
				2C35AD862385B260003161F0 /* PlayerSummariesResponse.swift */,
				2C35ADA12385CA5E003161F0 /* RecentlyPlayedGamesResponse.swift */,
				2C85A586238878CC007DB1BB /* SchemaForGameResponse.swift */,
				2C35AD8C2385B6C6003161F0 /* SteamResponse.swift */,
				2C85A56923886047007DB1BB /* UserGroupListResponse.swift */,
				2C85A59223887ECA007DB1BB /* UserStatsForGameResponse.swift */,
			);
			path = Responses;
			sourceTree = "<group>";
		};
		2C35AD9E2385BF2C003161F0 /* Models */ = {
			isa = PBXGroup;
			children = (
				2C35AD9F2385BF36003161F0 /* Tab.swift */,
				2C41F72923895ECD006EC815 /* TitleValueItem.swift */,
			);
			path = Models;
			sourceTree = "<group>";
		};
		2C35ADAB2385CE75003161F0 /* SteamUserService */ = {
			isa = PBXGroup;
			children = (
				2C35ADAC2385CE84003161F0 /* SteamUserService.swift */,
			);
			path = SteamUserService;
			sourceTree = "<group>";
		};
		2C35ADAE2385D0B1003161F0 /* Api */ = {
			isa = PBXGroup;
			children = (
				2C85A59823887F2C007DB1BB /* Achievement.swift */,
				2C85A57123886422007DB1BB /* AchievementPercentages.swift */,
				2C41F72023893B1C006EC815 /* App.swift */,
				2C41F700238932E2006EC815 /* AppDetails.swift */,
				2C41F71E23893B0E006EC815 /* AppList.swift */,
				2C85A559238858A5007DB1BB /* AppNews.swift */,
				2C85A58A23887904007DB1BB /* AvailableGameStats.swift */,
				2C5952C12387114100AA1DA6 /* Badge.swift */,
				2C35ADA92385CDE8003161F0 /* CommunityVisibilityState.swift */,
				2C85A56723885E4E007DB1BB /* Friend.swift */,
				2C85A56523885E38007DB1BB /* FriendsList.swift */,
				2C35ADA32385CA7E003161F0 /* Game.swift */,
				2C85A588238878E6007DB1BB /* GameSchema.swift */,
				2C41F70823893645006EC815 /* Genre.swift */,
				2C85A57323886436007DB1BB /* GlobalAchievement.swift */,
				2C85A56B23886067007DB1BB /* Group.swift */,
				2C41F70623893625006EC815 /* Metacritic.swift */,
				2C85A55B238858F4007DB1BB /* NewsItem.swift */,
				2C35ADB52385D58F003161F0 /* OwnedGame.swift */,
				2C35ADA72385CDC8003161F0 /* PersonaState.swift */,
				2C41F70423893602006EC815 /* Platforms.swift */,
				2C35AD882385B271003161F0 /* Player.swift */,
				2C85A58223887268007DB1BB /* PlayerAchievement.swift */,
				2C85A58023887230007DB1BB /* PlayerAchievementsPlayerStats.swift */,
				2C41F7022389358A006EC815 /* PriceOverview.swift */,
				2C41F70E238936D9006EC815 /* Recommendations.swift */,
				2C41F710238936EB006EC815 /* ReleaseDate.swift */,
				2C85A58E2388796D007DB1BB /* SchemaAchievement.swift */,
				2C85A58C2388793C007DB1BB /* SchemaStat.swift */,
				2C41F70A2389368D006EC815 /* Screenshot.swift */,
				2C85A59623887F1D007DB1BB /* Stat.swift */,
				2C85A59423887EF6007DB1BB /* UserStatsForGamePlayerStats.swift */,
				2C35AD9D2385BF1F003161F0 /* Responses */,
			);
			path = Api;
			sourceTree = "<group>";
		};
		2C35ADB72385D75E003161F0 /* SteamPlayerService */ = {
			isa = PBXGroup;
			children = (
				2C35ADB82385D766003161F0 /* SteamPlayerService.swift */,
			);
			path = SteamPlayerService;
			sourceTree = "<group>";
		};
		2C41F714238937AA006EC815 /* Api */ = {
			isa = PBXGroup;
			children = (
				2C41F71A23893A84006EC815 /* GetAppListRequest.swift */,
				2C5952BD238710B400AA1DA6 /* GetBadgesRequest.swift */,
				2C85A56123885DD8007DB1BB /* GetFriendListRequest.swift */,
				2C85A57523886466007DB1BB /* GetGlobalAchievementPercentagesForAppRequest.swift */,
				2C85A555238856DB007DB1BB /* GetNewsForAppRequest.swift */,
				2C85A57C23886A4B007DB1BB /* GetNumberOfCurrentPlayersRequest.swift */,
				2C35ADB12385D418003161F0 /* GetOwnedGamesRequest.swift */,
				2C85A584238872AA007DB1BB /* GetPlayerAchievementsRequest.swift */,
				2C35AD8A2385B5CF003161F0 /* GetPlayerSummariesRequest.swift */,
				2C35ADA52385CAF3003161F0 /* GetRecentlyPlayedGamesRequest.swift */,
				2C85A590238879C3007DB1BB /* GetSchemaForGameRequest.swift */,
				2C85A56D238860A0007DB1BB /* GetUserGroupListRequest.swift */,
				2C85A59A23887F56007DB1BB /* GetUserStatsForGameRequest.swift */,
			);
			path = Api;
			sourceTree = "<group>";
		};
		2C41F715238937AE006EC815 /* Store */ = {
			isa = PBXGroup;
			children = (
				2C41F71223893734006EC815 /* AppDetailsRequest.swift */,
			);
			path = Store;
			sourceTree = "<group>";
		};
		2C41F71623893847006EC815 /* SteamStoreService */ = {
			isa = PBXGroup;
			children = (
				2C41F71723893852006EC815 /* SteamStoreService.swift */,
			);
			path = SteamStoreService;
			sourceTree = "<group>";
		};
		2C41F72223893B34006EC815 /* SteamAppsService */ = {
			isa = PBXGroup;
			children = (
				2C41F72323893B41006EC815 /* SteamAppsService.swift */,
			);
			path = SteamAppsService;
			sourceTree = "<group>";
		};
		2C41F72523895717006EC815 /* CoreGraphics */ = {
			isa = PBXGroup;
			children = (
				2C41F7262389571E006EC815 /* CGFloat */,
			);
			path = CoreGraphics;
			sourceTree = "<group>";
		};
		2C41F7262389571E006EC815 /* CGFloat */ = {
			isa = PBXGroup;
			children = (
				2C41F7272389572B006EC815 /* CGFloat+GlobalConstants.swift */,
			);
			path = CGFloat;
			sourceTree = "<group>";
		};
		2C41F72B2389655F006EC815 /* UIImageView */ = {
			isa = PBXGroup;
			children = (
				2C41F72C2389656B006EC815 /* UIImageView+AsyncLoading.swift */,
			);
			path = UIImageView;
			sourceTree = "<group>";
		};
		2C41F72E238971F4006EC815 /* Formatting */ = {
			isa = PBXGroup;
			children = (
			);
			path = Formatting;
			sourceTree = "<group>";
		};
		2C41F732238972AE006EC815 /* DateFormatter */ = {
			isa = PBXGroup;
			children = (
				2C41F733238972BE006EC815 /* DateFormatter+Formatters.swift */,
			);
			path = DateFormatter;
			sourceTree = "<group>";
		};
		2C85A55D23885A23007DB1BB /* SteamNewsService */ = {
			isa = PBXGroup;
			children = (
				2C85A55F23885A47007DB1BB /* SteamNewsService.swift */,
			);
			path = SteamNewsService;
			sourceTree = "<group>";
		};
		2C85A55E23885A2B007DB1BB /* Steam */ = {
			isa = PBXGroup;
			children = (
				2C41F72223893B34006EC815 /* SteamAppsService */,
				2C85A55D23885A23007DB1BB /* SteamNewsService */,
				2C35ADB72385D75E003161F0 /* SteamPlayerService */,
				2C41F71623893847006EC815 /* SteamStoreService */,
				2C35ADAB2385CE75003161F0 /* SteamUserService */,
				2C85A577238864AD007DB1BB /* SteamUserStatsService */,
			);
			path = Steam;
			sourceTree = "<group>";
		};
		2C85A577238864AD007DB1BB /* SteamUserStatsService */ = {
			isa = PBXGroup;
			children = (
				2C85A578238864BE007DB1BB /* SteamUserStatsService.swift */,
			);
			path = SteamUserStatsService;
			sourceTree = "<group>";
		};
		2F12A48F249442A390FB86C5 /* TitleValueCollection */ = {
			isa = PBXGroup;
			children = (
				7D8251237094B37F664D4B9A /* TitleValueCollectionCell.swift */,
				C9DC6AC75056FA614F0B130B /* TitleValueCollectionCellViewModel.swift */,
			);
			path = TitleValueCollection;
			sourceTree = "<group>";
		};
		6F03DC408341175B4868F813 /* Level */ = {
			isa = PBXGroup;
			children = (
				CDFE30504AD8844ED9C6916B /* LevelCell.swift */,
				B4DFE2692B1ADF8EEC67270F /* LevelCellViewModel.swift */,
			);
			path = Level;
			sourceTree = "<group>";
		};
		84BA9C275CDCF2F4E1534AF4 /* Profile */ = {
			isa = PBXGroup;
			children = (
				7C57B9639D578059827C0E94 /* ProfileViewController.swift */,
				99F7CF14D883DC383B49A5CF /* ProfileViewModel.swift */,
			);
			path = Profile;
			sourceTree = "<group>";
		};
		8B14DD8A9B63A4DF8F891DA2 /* TitleDisclosure */ = {
			isa = PBXGroup;
			children = (
				9F86178C71B7ACC737DD351E /* TitleDisclosureCell.swift */,
				79A3EB25D1889321778F664F /* TitleDisclosureCellViewModel.swift */,
			);
			path = TitleDisclosure;
			sourceTree = "<group>";
		};
		A0995BFBB94BA03A3198FD9C /* Pods */ = {
			isa = PBXGroup;
			children = (
				8FCD7F51A8796E84575DCA8C /* Pods-Steam.debug.xcconfig */,
				12DF3066996E27E3E5792621 /* Pods-Steam.release.xcconfig */,
			);
			path = Pods;
			sourceTree = "<group>";
		};
		A55ABB69F70C5B5EAB530AEB /* Country */ = {
			isa = PBXGroup;
			children = (
				74546FCA02C1B6D13BCAC947 /* CountryCell.swift */,
				02E4C6ABB7026379CAC9AFCB /* CountryCellViewModel.swift */,
			);
			path = Country;
			sourceTree = "<group>";
		};
		AA73DA0B7BC6D69504FBB7A5 /* UserPicStatus */ = {
			isa = PBXGroup;
			children = (
				D6B41DED2C4E2748330CBBD7 /* UserPicStatusCell.swift */,
				CF3D0FD0419E4C48C7484ED1 /* UserPicStatusCellViewModel.swift */,
			);
			path = UserPicStatus;
			sourceTree = "<group>";
		};
		E0D100F69CA409FA07BFFDB4 /* Frameworks */ = {
			isa = PBXGroup;
			children = (
				670A348B30FB8DAE4558E2B2 /* Pods_Steam.framework */,
			);
			name = Frameworks;
			sourceTree = "<group>";
		};
		F35CC655A92410DE8C40C463 /* Text */ = {
			isa = PBXGroup;
			children = (
				40DAEF0D528039773DFB7AEF /* TextCell.swift */,
				D5CDBAD0287688016429DDC0 /* TextCellViewModel.swift */,
			);
			path = Text;
			sourceTree = "<group>";
		};
		FF4D2214B1937B95B3AEC4CC /* Progress */ = {
			isa = PBXGroup;
			children = (
				479FF98A35D244C1D84BD1E0 /* ProgressView.swift */,
			);
			path = Progress;
			sourceTree = "<group>";
		};
/* End PBXGroup section */

/* Begin PBXNativeTarget section */
		2C04E5BA238464D00058CC18 /* Steam */ = {
			isa = PBXNativeTarget;
			buildConfigurationList = 2C04E5CF238464D20058CC18 /* Build configuration list for PBXNativeTarget "Steam" */;
			buildPhases = (
				3E55F25FBDED1F46BA2B3A9E /* [CP] Check Pods Manifest.lock */,
				2C04E5E1238467900058CC18 /* R.swift */,
				2C04E5B7238464D00058CC18 /* Sources */,
				2C04E5B8238464D00058CC18 /* Frameworks */,
				2C04E5B9238464D00058CC18 /* Resources */,
				59803215E8667C601DF2FA7F /* [CP] Embed Pods Frameworks */,
			);
			buildRules = (
			);
			dependencies = (
			);
			name = Steam;
			productName = Steam;
			productReference = 2C04E5BB238464D00058CC18 /* Steam.app */;
			productType = "com.apple.product-type.application";
		};
/* End PBXNativeTarget section */

/* Begin PBXProject section */
		2C04E5B3238464D00058CC18 /* Project object */ = {
			isa = PBXProject;
			attributes = {
				LastSwiftUpdateCheck = 1100;
				LastUpgradeCheck = 1100;
				ORGANIZATIONNAME = "Ivan Zinovev";
				TargetAttributes = {
					2C04E5BA238464D00058CC18 = {
						CreatedOnToolsVersion = 11.0;
					};
				};
			};
			buildConfigurationList = 2C04E5B6238464D00058CC18 /* Build configuration list for PBXProject "Steam" */;
			compatibilityVersion = "Xcode 9.3";
			developmentRegion = en;
			hasScannedForEncodings = 0;
			knownRegions = (
				en,
			);
			mainGroup = 2C04E5B2238464D00058CC18;
			productRefGroup = 2C04E5BC238464D00058CC18 /* Products */;
			projectDirPath = "";
			projectRoot = "";
			targets = (
				2C04E5BA238464D00058CC18 /* Steam */,
			);
		};
/* End PBXProject section */

/* Begin PBXResourcesBuildPhase section */
		2C04E5B9238464D00058CC18 /* Resources */ = {
			isa = PBXResourcesBuildPhase;
			buildActionMask = 2147483647;
			files = (
				2C04E5E72384681B0058CC18 /* LaunchScreen.storyboard in Resources */,
				2C04E5EB238468770058CC18 /* Localizable.strings in Resources */,
				2C04E5DE238466960058CC18 /* Colors.xcassets in Resources */,
				2C04E5C8238464D20058CC18 /* Images.xcassets in Resources */,
			);
			runOnlyForDeploymentPostprocessing = 0;
		};
/* End PBXResourcesBuildPhase section */

/* Begin PBXShellScriptBuildPhase section */
		2C04E5E1238467900058CC18 /* R.swift */ = {
			isa = PBXShellScriptBuildPhase;
			buildActionMask = 2147483647;
			files = (
			);
			inputFileListPaths = (
			);
			inputPaths = (
				"$TEMP_DIR/rswift-lastrun",
			);
			name = R.swift;
			outputFileListPaths = (
			);
			outputPaths = (
				$SRCROOT/Steam/Resources/Generated/R.generated.swift,
			);
			runOnlyForDeploymentPostprocessing = 0;
			shellPath = /bin/sh;
			shellScript = "\"$PODS_ROOT/R.swift/rswift\" generate \"$SRCROOT/Steam/Resources/Generated/R.generated.swift\"\n";
		};
		3E55F25FBDED1F46BA2B3A9E /* [CP] Check Pods Manifest.lock */ = {
			isa = PBXShellScriptBuildPhase;
			buildActionMask = 2147483647;
			files = (
			);
			inputFileListPaths = (
			);
			inputPaths = (
				"${PODS_PODFILE_DIR_PATH}/Podfile.lock",
				"${PODS_ROOT}/Manifest.lock",
			);
			name = "[CP] Check Pods Manifest.lock";
			outputFileListPaths = (
			);
			outputPaths = (
				"$(DERIVED_FILE_DIR)/Pods-Steam-checkManifestLockResult.txt",
			);
			runOnlyForDeploymentPostprocessing = 0;
			shellPath = /bin/sh;
			shellScript = "diff \"${PODS_PODFILE_DIR_PATH}/Podfile.lock\" \"${PODS_ROOT}/Manifest.lock\" > /dev/null\nif [ $? != 0 ] ; then\n    # print error to STDERR\n    echo \"error: The sandbox is not in sync with the Podfile.lock. Run 'pod install' or update your CocoaPods installation.\" >&2\n    exit 1\nfi\n# This output is used by Xcode 'outputs' to avoid re-running this script phase.\necho \"SUCCESS\" > \"${SCRIPT_OUTPUT_FILE_0}\"\n";
			showEnvVarsInLog = 0;
		};
		59803215E8667C601DF2FA7F /* [CP] Embed Pods Frameworks */ = {
			isa = PBXShellScriptBuildPhase;
			buildActionMask = 2147483647;
			files = (
			);
			inputFileListPaths = (
				"${PODS_ROOT}/Target Support Files/Pods-Steam/Pods-Steam-frameworks-${CONFIGURATION}-input-files.xcfilelist",
			);
			name = "[CP] Embed Pods Frameworks";
			outputFileListPaths = (
				"${PODS_ROOT}/Target Support Files/Pods-Steam/Pods-Steam-frameworks-${CONFIGURATION}-output-files.xcfilelist",
			);
			runOnlyForDeploymentPostprocessing = 0;
			shellPath = /bin/sh;
			shellScript = "\"${PODS_ROOT}/Target Support Files/Pods-Steam/Pods-Steam-frameworks.sh\"\n";
			showEnvVarsInLog = 0;
		};
/* End PBXShellScriptBuildPhase section */

/* Begin PBXSourcesBuildPhase section */
		2C04E5B7238464D00058CC18 /* Sources */ = {
			isa = PBXSourcesBuildPhase;
			buildActionMask = 2147483647;
			files = (
				2C41F71D23893AC6006EC815 /* AppListResponse.swift in Sources */,
				2C41F7282389572B006EC815 /* CGFloat+GlobalConstants.swift in Sources */,
				2C85A57F238871FD007DB1BB /* PlayerAchievementsResponse.swift in Sources */,
				2C85A59B23887F56007DB1BB /* GetUserStatsForGameRequest.swift in Sources */,
				2C41F71323893734006EC815 /* AppDetailsRequest.swift in Sources */,
				2C04E5BF238464D00058CC18 /* AppDelegate.swift in Sources */,
				2C35AD8D2385B6C6003161F0 /* SteamResponse.swift in Sources */,
				2C85A56C23886067007DB1BB /* Group.swift in Sources */,
				2C35AD942385BE51003161F0 /* UIViewController+UINavigationController.swift in Sources */,
				2C04E5F023846D0C0058CC18 /* ApiService.swift in Sources */,
				2C41F70B2389368D006EC815 /* Screenshot.swift in Sources */,
				2C35ADAA2385CDE8003161F0 /* CommunityVisibilityState.swift in Sources */,
				2C41F72123893B1C006EC815 /* App.swift in Sources */,
				2C35ADAD2385CE84003161F0 /* SteamUserService.swift in Sources */,
				2C85A587238878CC007DB1BB /* SchemaForGameResponse.swift in Sources */,
				2C41F71823893852006EC815 /* SteamStoreService.swift in Sources */,
				2C35AD902385BDFA003161F0 /* TabBarController.swift in Sources */,
				2C35ADA62385CAF3003161F0 /* GetRecentlyPlayedGamesRequest.swift in Sources */,
				2C85A57D23886A4B007DB1BB /* GetNumberOfCurrentPlayersRequest.swift in Sources */,
				2C35AD9A2385BEBB003161F0 /* NavigationController.swift in Sources */,
				2C85A58D2388793C007DB1BB /* SchemaStat.swift in Sources */,
				2C85A57623886466007DB1BB /* GetGlobalAchievementPercentagesForAppRequest.swift in Sources */,
				2C85A556238856DB007DB1BB /* GetNewsForAppRequest.swift in Sources */,
				2C04E5E3238467DF0058CC18 /* R.generated.swift in Sources */,
				2C35AD842385B1DF003161F0 /* TableSection+Init.swift in Sources */,
				2C41F72D2389656B006EC815 /* UIImageView+AsyncLoading.swift in Sources */,
				2C85A56E238860A0007DB1BB /* GetUserGroupListRequest.swift in Sources */,
				2C41F711238936EB006EC815 /* ReleaseDate.swift in Sources */,
				2C35ADB92385D766003161F0 /* SteamPlayerService.swift in Sources */,
				2C85A56823885E4E007DB1BB /* Friend.swift in Sources */,
				2C41F72423893B41006EC815 /* SteamAppsService.swift in Sources */,
				2C41F7032389358A006EC815 /* PriceOverview.swift in Sources */,
				2C85A57B238869F1007DB1BB /* NumberOfCurrentPlayersResponse.swift in Sources */,
				2C04E5F223846D670058CC18 /* RequestParameter.swift in Sources */,
				2C35AD892385B271003161F0 /* Player.swift in Sources */,
				2C85A58123887230007DB1BB /* PlayerAchievementsPlayerStats.swift in Sources */,
				2C85A56023885A47007DB1BB /* SteamNewsService.swift in Sources */,
				2C41F70F238936D9006EC815 /* Recommendations.swift in Sources */,
				2C5952C02387112800AA1DA6 /* BadgesResponse.swift in Sources */,
				2C85A55A238858A5007DB1BB /* AppNews.swift in Sources */,
				2C41F71B23893A84006EC815 /* GetAppListRequest.swift in Sources */,
				2C85A5582388586D007DB1BB /* NewsForAppResponse.swift in Sources */,
				2C41F71F23893B0E006EC815 /* AppList.swift in Sources */,
				2C04E5F723846DB00058CC18 /* Dictionary+MapPairs.swift in Sources */,
				2C41F70723893625006EC815 /* Metacritic.swift in Sources */,
				2C41F6FF238932BD006EC815 /* AppDetailsResponse.swift in Sources */,
				2C35AD872385B260003161F0 /* PlayerSummariesResponse.swift in Sources */,
				2C35AD822385B1CC003161F0 /* TableDirector+Replace.swift in Sources */,
				2C85A59523887EF6007DB1BB /* UserStatsForGamePlayerStats.swift in Sources */,
				2C85A591238879C3007DB1BB /* GetSchemaForGameRequest.swift in Sources */,
				2C85A56223885DD8007DB1BB /* GetFriendListRequest.swift in Sources */,
				2C35ADA82385CDC8003161F0 /* PersonaState.swift in Sources */,
				2C85A579238864BE007DB1BB /* SteamUserStatsService.swift in Sources */,
				2C85A58F2388796D007DB1BB /* SchemaAchievement.swift in Sources */,
				2C85A57223886422007DB1BB /* AchievementPercentages.swift in Sources */,
				2C41F72A23895ECD006EC815 /* TitleValueItem.swift in Sources */,
				2C85A56623885E38007DB1BB /* FriendsList.swift in Sources */,
				2C85A58B23887904007DB1BB /* AvailableGameStats.swift in Sources */,
				2C85A58323887269007DB1BB /* PlayerAchievement.swift in Sources */,
				2C04E5FC23847D990058CC18 /* Dictionary+Operators.swift in Sources */,
				2C35ADA22385CA5E003161F0 /* RecentlyPlayedGamesResponse.swift in Sources */,
				2C85A57423886436007DB1BB /* GlobalAchievement.swift in Sources */,
				2C85A56A23886047007DB1BB /* UserGroupListResponse.swift in Sources */,
				2C35ADB22385D418003161F0 /* GetOwnedGamesRequest.swift in Sources */,
				2C85A585238872AA007DB1BB /* GetPlayerAchievementsRequest.swift in Sources */,
				2C85A59923887F2C007DB1BB /* Achievement.swift in Sources */,
				2C5952C22387114100AA1DA6 /* Badge.swift in Sources */,
				2C85A56423885E11007DB1BB /* FriendListResponse.swift in Sources */,
				2A275F1D74FC4FD55AC7060E /* ProfileViewController.swift in Sources */,
				2C85A55C238858F4007DB1BB /* NewsItem.swift in Sources */,
				2C41F734238972BE006EC815 /* DateFormatter+Formatters.swift in Sources */,
				2C35ADA02385BF36003161F0 /* Tab.swift in Sources */,
				2C85A59723887F1D007DB1BB /* Stat.swift in Sources */,
				2C85A589238878E6007DB1BB /* GameSchema.swift in Sources */,
				2C35ADA42385CA7E003161F0 /* Game.swift in Sources */,
				2C41F70523893602006EC815 /* Platforms.swift in Sources */,
				2C41F701238932E2006EC815 /* AppDetails.swift in Sources */,
				2C35AD8B2385B5CF003161F0 /* GetPlayerSummariesRequest.swift in Sources */,
				2C35ADB62385D58F003161F0 /* OwnedGame.swift in Sources */,
				2C85A570238863EC007DB1BB /* GlobalAchievementPercentagesForAppResponse.swift in Sources */,
				2C41F70923893645006EC815 /* Genre.swift in Sources */,
				029942123EAD319F165FEAC6 /* ProfileViewModel.swift in Sources */,
				2C85A59323887ECA007DB1BB /* UserStatsForGameResponse.swift in Sources */,
				2C5952BE238710B400AA1DA6 /* GetBadgesRequest.swift in Sources */,
				2C35ADB42385D4F5003161F0 /* OwnedGamesResponse.swift in Sources */,
				71A6963C7EF78A4905037A6B /* ActivityViewController.swift in Sources */,
				8DBEF02CAB50B87E7174678A /* ActivityViewModel.swift in Sources */,
				2086C2099341327D8B9C522E /* TextCell.swift in Sources */,
				4364B395FE62928D57D6DAA1 /* TextCellViewModel.swift in Sources */,
				45E037F118EAABEFFA42E028 /* CountryCell.swift in Sources */,
				D783982B33AE286FC8E6DE8E /* CountryCellViewModel.swift in Sources */,
				C35B081949C0BB0967F7736B /* TitleValueView.swift in Sources */,
				023F44A9FF68F2B483914BDF /* TitleValueCollectionCell.swift in Sources */,
				3356D28018F0BEDA57B1C9D3 /* TitleValueCollectionCellViewModel.swift in Sources */,
				CE3005E2D81397B29E45324E /* TitleDisclosureCell.swift in Sources */,
				6B97B3813CDBAB19DC94D76F /* TitleDisclosureCellViewModel.swift in Sources */,
				7B52238339E78F96FC8088E0 /* UserPicStatusCell.swift in Sources */,
				83FF4BB72956FA228363A03E /* UserPicStatusCellViewModel.swift in Sources */,
				B92A7449C4BCD542FB663ED2 /* LevelCell.swift in Sources */,
				4B4CAF83F23E58ED51CABB9B /* LevelCellViewModel.swift in Sources */,
				80C0A69CE1D167B2CAB7411D /* ProgressView.swift in Sources */,
			);
			runOnlyForDeploymentPostprocessing = 0;
		};
/* End PBXSourcesBuildPhase section */

/* Begin PBXVariantGroup section */
		2C04E5ED238468770058CC18 /* Localizable.strings */ = {
			isa = PBXVariantGroup;
			children = (
				2C04E5EC238468770058CC18 /* en */,
			);
			name = Localizable.strings;
			sourceTree = "<group>";
		};
/* End PBXVariantGroup section */

/* Begin XCBuildConfiguration section */
		2C04E5CD238464D20058CC18 /* Debug */ = {
			isa = XCBuildConfiguration;
			buildSettings = {
				ALWAYS_SEARCH_USER_PATHS = NO;
				CLANG_ANALYZER_LOCALIZABILITY_NONLOCALIZED = YES;
				CLANG_ANALYZER_NONNULL = YES;
				CLANG_ANALYZER_NUMBER_OBJECT_CONVERSION = YES_AGGRESSIVE;
				CLANG_CXX_LANGUAGE_STANDARD = "gnu++14";
				CLANG_CXX_LIBRARY = "libc++";
				CLANG_ENABLE_MODULES = YES;
				CLANG_ENABLE_OBJC_ARC = YES;
				CLANG_ENABLE_OBJC_WEAK = YES;
				CLANG_WARN_BLOCK_CAPTURE_AUTORELEASING = YES;
				CLANG_WARN_BOOL_CONVERSION = YES;
				CLANG_WARN_COMMA = YES;
				CLANG_WARN_CONSTANT_CONVERSION = YES;
				CLANG_WARN_DEPRECATED_OBJC_IMPLEMENTATIONS = YES;
				CLANG_WARN_DIRECT_OBJC_ISA_USAGE = YES_ERROR;
				CLANG_WARN_DOCUMENTATION_COMMENTS = YES;
				CLANG_WARN_EMPTY_BODY = YES;
				CLANG_WARN_ENUM_CONVERSION = YES;
				CLANG_WARN_INFINITE_RECURSION = YES;
				CLANG_WARN_INT_CONVERSION = YES;
				CLANG_WARN_NON_LITERAL_NULL_CONVERSION = YES;
				CLANG_WARN_OBJC_IMPLICIT_RETAIN_SELF = YES;
				CLANG_WARN_OBJC_LITERAL_CONVERSION = YES;
				CLANG_WARN_OBJC_ROOT_CLASS = YES_ERROR;
				CLANG_WARN_RANGE_LOOP_ANALYSIS = YES;
				CLANG_WARN_STRICT_PROTOTYPES = YES;
				CLANG_WARN_SUSPICIOUS_MOVE = YES;
				CLANG_WARN_UNGUARDED_AVAILABILITY = YES_AGGRESSIVE;
				CLANG_WARN_UNREACHABLE_CODE = YES;
				CLANG_WARN__DUPLICATE_METHOD_MATCH = YES;
				COPY_PHASE_STRIP = NO;
				DEBUG_INFORMATION_FORMAT = dwarf;
				ENABLE_STRICT_OBJC_MSGSEND = YES;
				ENABLE_TESTABILITY = YES;
				GCC_C_LANGUAGE_STANDARD = gnu11;
				GCC_DYNAMIC_NO_PIC = NO;
				GCC_NO_COMMON_BLOCKS = YES;
				GCC_OPTIMIZATION_LEVEL = 0;
				GCC_PREPROCESSOR_DEFINITIONS = (
					"DEBUG=1",
					"$(inherited)",
				);
				GCC_WARN_64_TO_32_BIT_CONVERSION = YES;
				GCC_WARN_ABOUT_RETURN_TYPE = YES_ERROR;
				GCC_WARN_UNDECLARED_SELECTOR = YES;
				GCC_WARN_UNINITIALIZED_AUTOS = YES_AGGRESSIVE;
				GCC_WARN_UNUSED_FUNCTION = YES;
				GCC_WARN_UNUSED_VARIABLE = YES;
				IPHONEOS_DEPLOYMENT_TARGET = 10.0;
				MTL_ENABLE_DEBUG_INFO = INCLUDE_SOURCE;
				MTL_FAST_MATH = YES;
				ONLY_ACTIVE_ARCH = YES;
				SDKROOT = iphoneos;
				SWIFT_ACTIVE_COMPILATION_CONDITIONS = DEBUG;
				SWIFT_OPTIMIZATION_LEVEL = "-Onone";
			};
			name = Debug;
		};
		2C04E5CE238464D20058CC18 /* Release */ = {
			isa = XCBuildConfiguration;
			buildSettings = {
				ALWAYS_SEARCH_USER_PATHS = NO;
				CLANG_ANALYZER_LOCALIZABILITY_NONLOCALIZED = YES;
				CLANG_ANALYZER_NONNULL = YES;
				CLANG_ANALYZER_NUMBER_OBJECT_CONVERSION = YES_AGGRESSIVE;
				CLANG_CXX_LANGUAGE_STANDARD = "gnu++14";
				CLANG_CXX_LIBRARY = "libc++";
				CLANG_ENABLE_MODULES = YES;
				CLANG_ENABLE_OBJC_ARC = YES;
				CLANG_ENABLE_OBJC_WEAK = YES;
				CLANG_WARN_BLOCK_CAPTURE_AUTORELEASING = YES;
				CLANG_WARN_BOOL_CONVERSION = YES;
				CLANG_WARN_COMMA = YES;
				CLANG_WARN_CONSTANT_CONVERSION = YES;
				CLANG_WARN_DEPRECATED_OBJC_IMPLEMENTATIONS = YES;
				CLANG_WARN_DIRECT_OBJC_ISA_USAGE = YES_ERROR;
				CLANG_WARN_DOCUMENTATION_COMMENTS = YES;
				CLANG_WARN_EMPTY_BODY = YES;
				CLANG_WARN_ENUM_CONVERSION = YES;
				CLANG_WARN_INFINITE_RECURSION = YES;
				CLANG_WARN_INT_CONVERSION = YES;
				CLANG_WARN_NON_LITERAL_NULL_CONVERSION = YES;
				CLANG_WARN_OBJC_IMPLICIT_RETAIN_SELF = YES;
				CLANG_WARN_OBJC_LITERAL_CONVERSION = YES;
				CLANG_WARN_OBJC_ROOT_CLASS = YES_ERROR;
				CLANG_WARN_RANGE_LOOP_ANALYSIS = YES;
				CLANG_WARN_STRICT_PROTOTYPES = YES;
				CLANG_WARN_SUSPICIOUS_MOVE = YES;
				CLANG_WARN_UNGUARDED_AVAILABILITY = YES_AGGRESSIVE;
				CLANG_WARN_UNREACHABLE_CODE = YES;
				CLANG_WARN__DUPLICATE_METHOD_MATCH = YES;
				COPY_PHASE_STRIP = NO;
				DEBUG_INFORMATION_FORMAT = "dwarf-with-dsym";
				ENABLE_NS_ASSERTIONS = NO;
				ENABLE_STRICT_OBJC_MSGSEND = YES;
				GCC_C_LANGUAGE_STANDARD = gnu11;
				GCC_NO_COMMON_BLOCKS = YES;
				GCC_WARN_64_TO_32_BIT_CONVERSION = YES;
				GCC_WARN_ABOUT_RETURN_TYPE = YES_ERROR;
				GCC_WARN_UNDECLARED_SELECTOR = YES;
				GCC_WARN_UNINITIALIZED_AUTOS = YES_AGGRESSIVE;
				GCC_WARN_UNUSED_FUNCTION = YES;
				GCC_WARN_UNUSED_VARIABLE = YES;
				IPHONEOS_DEPLOYMENT_TARGET = 10.0;
				MTL_ENABLE_DEBUG_INFO = NO;
				MTL_FAST_MATH = YES;
				SDKROOT = iphoneos;
				SWIFT_COMPILATION_MODE = wholemodule;
				SWIFT_OPTIMIZATION_LEVEL = "-O";
				VALIDATE_PRODUCT = YES;
			};
			name = Release;
		};
		2C04E5D0238464D20058CC18 /* Debug */ = {
			isa = XCBuildConfiguration;
			baseConfigurationReference = 8FCD7F51A8796E84575DCA8C /* Pods-Steam.debug.xcconfig */;
			buildSettings = {
				ASSETCATALOG_COMPILER_APPICON_NAME = AppIcon;
				CODE_SIGN_STYLE = Automatic;
				DEVELOPMENT_TEAM = QBTL3QKA3B;
				INFOPLIST_FILE = Steam/Info.plist;
				IPHONEOS_DEPLOYMENT_TARGET = 10.0;
				LD_RUNPATH_SEARCH_PATHS = (
					"$(inherited)",
					"@executable_path/Frameworks",
				);
				PRODUCT_BUNDLE_IDENTIFIER = com.zinovev.Steam;
				PRODUCT_NAME = "$(TARGET_NAME)";
				SWIFT_VERSION = 5.0;
				TARGETED_DEVICE_FAMILY = 1;
			};
			name = Debug;
		};
		2C04E5D1238464D20058CC18 /* Release */ = {
			isa = XCBuildConfiguration;
			baseConfigurationReference = 12DF3066996E27E3E5792621 /* Pods-Steam.release.xcconfig */;
			buildSettings = {
				ASSETCATALOG_COMPILER_APPICON_NAME = AppIcon;
				CODE_SIGN_STYLE = Automatic;
				DEVELOPMENT_TEAM = QBTL3QKA3B;
				INFOPLIST_FILE = Steam/Info.plist;
				IPHONEOS_DEPLOYMENT_TARGET = 10.0;
				LD_RUNPATH_SEARCH_PATHS = (
					"$(inherited)",
					"@executable_path/Frameworks",
				);
				PRODUCT_BUNDLE_IDENTIFIER = com.zinovev.Steam;
				PRODUCT_NAME = "$(TARGET_NAME)";
				SWIFT_VERSION = 5.0;
				TARGETED_DEVICE_FAMILY = 1;
			};
			name = Release;
		};
/* End XCBuildConfiguration section */

/* Begin XCConfigurationList section */
		2C04E5B6238464D00058CC18 /* Build configuration list for PBXProject "Steam" */ = {
			isa = XCConfigurationList;
			buildConfigurations = (
				2C04E5CD238464D20058CC18 /* Debug */,
				2C04E5CE238464D20058CC18 /* Release */,
			);
			defaultConfigurationIsVisible = 0;
			defaultConfigurationName = Release;
		};
		2C04E5CF238464D20058CC18 /* Build configuration list for PBXNativeTarget "Steam" */ = {
			isa = XCConfigurationList;
			buildConfigurations = (
				2C04E5D0238464D20058CC18 /* Debug */,
				2C04E5D1238464D20058CC18 /* Release */,
			);
			defaultConfigurationIsVisible = 0;
			defaultConfigurationName = Release;
		};
/* End XCConfigurationList section */
	};
	rootObject = 2C04E5B3238464D00058CC18 /* Project object */;
}
